
Microsoft Visual Studio Solution File, Format Version 11.00
# Visual Studio 2010
Project("{FAE04EC0-301F-11D3-BF4B-00C04F79EFBC}") = "Unity.ML-Agents", "Unity.ML-Agents.csproj", "{F221787A-D878-0B36-9EFE-261A0D7204CF}"
EndProject
Project("{FAE04EC0-301F-11D3-BF4B-00C04F79EFBC}") = "Assembly-CSharp", "Assembly-CSharp.csproj", "{A513BC8D-6A7D-D6C5-EEBE-D27CF600D276}"
EndProject
Project("{FAE04EC0-301F-11D3-BF4B-00C04F79EFBC}") = "Unity.ML-Agents.Editor", "Unity.ML-Agents.Editor.csproj", "{B3709648-E72A-C0CC-03E3-85C7ABB6571C}"
EndProject
Global
	GlobalSection(SolutionConfigurationPlatforms) = preSolution
		Debug|Any CPU = Debug|Any CPU
		Release|Any CPU = Release|Any CPU
	EndGlobalSection
	GlobalSection(ProjectConfigurationPlatforms) = postSolution
		{F221787A-D878-0B36-9EFE-261A0D7204CF}.Debug|Any CPU.ActiveCfg = Debug|Any CPU
		{F221787A-D878-0B36-9EFE-261A0D7204CF}.Debug|Any CPU.Build.0 = Debug|Any CPU
		{F221787A-D878-0B36-9EFE-261A0D7204CF}.Release|Any CPU.ActiveCfg = Release|Any CPU
		{F221787A-D878-0B36-9EFE-261A0D7204CF}.Release|Any CPU.Build.0 = Release|Any CPU
		{A513BC8D-6A7D-D6C5-EEBE-D27CF600D276}.Debug|Any CPU.ActiveCfg = Debug|Any CPU
		{A513BC8D-6A7D-D6C5-EEBE-D27CF600D276}.Debug|Any CPU.Build.0 = Debug|Any CPU
		{A513BC8D-6A7D-D6C5-EEBE-D27CF600D276}.Release|Any CPU.ActiveCfg = Release|Any CPU
		{A513BC8D-6A7D-D6C5-EEBE-D27CF600D276}.Release|Any CPU.Build.0 = Release|Any CPU
		{B3709648-E72A-C0CC-03E3-85C7ABB6571C}.Debug|Any CPU.ActiveCfg = Debug|Any CPU
		{B3709648-E72A-C0CC-03E3-85C7ABB6571C}.Debug|Any CPU.Build.0 = Debug|Any CPU
		{B3709648-E72A-C0CC-03E3-85C7ABB6571C}.Release|Any CPU.ActiveCfg = Release|Any CPU
		{B3709648-E72A-C0CC-03E3-85C7ABB6571C}.Release|Any CPU.Build.0 = Release|Any CPU
	EndGlobalSection
	GlobalSection(SolutionProperties) = preSolution
		HideSolutionNode = FALSE
	EndGlobalSection
	GlobalSection(MonoDevelopProperties) = preSolution
		StartupItem = Assembly-CSharp.csproj
	EndGlobalSection
EndGlobal
