
Microsoft Visual Studio Solution File, Format Version 11.00
# Visual Studio 2010
Project("{FAE04EC0-301F-11D3-BF4B-00C04F79EFBC}") = "Assembly-CSharp", "Assembly-CSharp.csproj", "{1C5D68FC-D29B-9FA3-8B38-7561A4FC8CD8}"
EndProject
Project("{FAE04EC0-301F-11D3-BF4B-00C04F79EFBC}") = "Unity.ML-Agents", "Unity.ML-Agents.csproj", "{6A2576DB-58E0-89D7-FAD7-47C0A4659AC0}"
EndProject
Project("{FAE04EC0-301F-11D3-BF4B-00C04F79EFBC}") = "Unity.ML-Agents.Editor", "Unity.ML-Agents.Editor.csproj", "{5F4FD398-9248-FB16-E852-2855573115F9}"
EndProject
Global
	GlobalSection(SolutionConfigurationPlatforms) = preSolution
		Debug|Any CPU = Debug|Any CPU
		Release|Any CPU = Release|Any CPU
	EndGlobalSection
	GlobalSection(ProjectConfigurationPlatforms) = postSolution
		{1C5D68FC-D29B-9FA3-8B38-7561A4FC8CD8}.Debug|Any CPU.ActiveCfg = Debug|Any CPU
		{1C5D68FC-D29B-9FA3-8B38-7561A4FC8CD8}.Debug|Any CPU.Build.0 = Debug|Any CPU
		{1C5D68FC-D29B-9FA3-8B38-7561A4FC8CD8}.Release|Any CPU.ActiveCfg = Release|Any CPU
		{1C5D68FC-D29B-9FA3-8B38-7561A4FC8CD8}.Release|Any CPU.Build.0 = Release|Any CPU
		{6A2576DB-58E0-89D7-FAD7-47C0A4659AC0}.Debug|Any CPU.ActiveCfg = Debug|Any CPU
		{6A2576DB-58E0-89D7-FAD7-47C0A4659AC0}.Debug|Any CPU.Build.0 = Debug|Any CPU
		{6A2576DB-58E0-89D7-FAD7-47C0A4659AC0}.Release|Any CPU.ActiveCfg = Release|Any CPU
		{6A2576DB-58E0-89D7-FAD7-47C0A4659AC0}.Release|Any CPU.Build.0 = Release|Any CPU
		{5F4FD398-9248-FB16-E852-2855573115F9}.Debug|Any CPU.ActiveCfg = Debug|Any CPU
		{5F4FD398-9248-FB16-E852-2855573115F9}.Debug|Any CPU.Build.0 = Debug|Any CPU
		{5F4FD398-9248-FB16-E852-2855573115F9}.Release|Any CPU.ActiveCfg = Release|Any CPU
		{5F4FD398-9248-FB16-E852-2855573115F9}.Release|Any CPU.Build.0 = Release|Any CPU
	EndGlobalSection
	GlobalSection(SolutionProperties) = preSolution
		HideSolutionNode = FALSE
	EndGlobalSection
EndGlobal
